
Microsoft Visual Studio Solution File, Format Version 12.00
# Visual Studio 2015
Project("{FAE04EC0-301F-11D3-BF4B-00C04F79EFBC}") = "LeapMotionUnity", "LeapMotionUnity.csproj", "{34627195-030E-9378-E687-EE9B78784A61}"
EndProject
Project("{FAE04EC0-301F-11D3-BF4B-00C04F79EFBC}") = "LeapMotionUnity.Editor", "LeapMotionUnity.Editor.csproj", "{677A7AFA-B872-F1DE-E961-EC79802C97A1}"
EndProject
Global
	GlobalSection(SolutionConfigurationPlatforms) = preSolution
		Debug|Any CPU = Debug|Any CPU
		Release|Any CPU = Release|Any CPU
	EndGlobalSection
	GlobalSection(ProjectConfigurationPlatforms) = postSolution
		{34627195-030E-9378-E687-EE9B78784A61}.Debug|Any CPU.ActiveCfg = Debug|Any CPU
		{34627195-030E-9378-E687-EE9B78784A61}.Debug|Any CPU.Build.0 = Debug|Any CPU
		{34627195-030E-9378-E687-EE9B78784A61}.Release|Any CPU.ActiveCfg = Release|Any CPU
		{34627195-030E-9378-E687-EE9B78784A61}.Release|Any CPU.Build.0 = Release|Any CPU
		{677A7AFA-B872-F1DE-E961-EC79802C97A1}.Debug|Any CPU.ActiveCfg = Debug|Any CPU
		{677A7AFA-B872-F1DE-E961-EC79802C97A1}.Debug|Any CPU.Build.0 = Debug|Any CPU
		{677A7AFA-B872-F1DE-E961-EC79802C97A1}.Release|Any CPU.ActiveCfg = Release|Any CPU
		{677A7AFA-B872-F1DE-E961-EC79802C97A1}.Release|Any CPU.Build.0 = Release|Any CPU
	EndGlobalSection
	GlobalSection(SolutionProperties) = preSolution
		HideSolutionNode = FALSE
	EndGlobalSection
EndGlobal
